<?xml version="1.0" encoding="utf-8"?>
<Project ToolsVersion="4.0" xmlns="http://schemas.microsoft.com/developer/msbuild/2003">
  <ItemGroup>
    <ClCompile Include="src\main.cpp" />
    <ClCompile Include="src\kdmapper\intel_driver\intel_driver.cpp" />
    <ClCompile Include="src\kdmapper\kdmapper.cpp" />
    <ClCompile Include="src\kdmapper\portable_executable\portable_executable.cpp" />
    <ClCompile Include="src\kdmapper\service\service.cpp" />
    <ClCompile Include="src\kdmapper\utils\utils.cpp" />
  </ItemGroup>
  <ItemGroup>
    <ClInclude Include="src\kdmapper\intel_driver\intel_driver.hpp" />
    <ClInclude Include="src\kdmapper\intel_driver\intel_driver_resource.hpp" />
    <ClInclude Include="src\kdmapper\kdmapper.hpp" />
    <ClInclude Include="src\kdmapper\portable_executable\portable_executable.hpp" />
    <ClInclude Include="src\kdmapper\service\service.hpp" />
    <ClInclude Include="src\kdmapper\utils\utils.hpp" />
    <ClInclude Include="src\kdmapper\nt\nt.hpp" />
    <ClInclude Include="src\inc.hpp" />
  </ItemGroup>
</Project>